
Microsoft Visual Studio Solution File, Format Version 12.00
# Visual Studio 2013
VisualStudioVersion = 12.0.30723.0
MinimumVisualStudioVersion = 10.0.40219.1
Project("{FAE04EC0-301F-11D3-BF4B-00C04F79EFBC}") = "LtApi", "LtApi\LtApi.csproj", "{DB701C30-19CF-45FE-98E7-D919891D80D3}"
EndProject
Project("{2150E333-8FDC-42A3-9474-1A3956D46DE8}") = "Services", "Services", "{5D647790-E48D-49DD-9371-F4A0188DEA07}"
EndProject
Project("{2150E333-8FDC-42A3-9474-1A3956D46DE8}") = "Server", "Server", "{E20E8901-ACF0-4069-B474-CD6967F6DF8C}"
EndProject
Project("{2150E333-8FDC-42A3-9474-1A3956D46DE8}") = "Shared", "Shared", "{A431FB42-9DEA-49D6-BD3F-5C5EA7036C61}"
EndProject
Project("{FAE04EC0-301F-11D3-BF4B-00C04F79EFBC}") = "DataAccess", "DataAccess\DataAccess.csproj", "{8CBDF24C-5B84-47D0-AFAD-C87216B461F8}"
EndProject
Project("{FAE04EC0-301F-11D3-BF4B-00C04F79EFBC}") = "Business", "Business\Business.csproj", "{E245D1E2-F67F-4ACF-8671-7B0DD027F892}"
EndProject
Project("{FAE04EC0-301F-11D3-BF4B-00C04F79EFBC}") = "Models", "Models\Models.csproj", "{F71004E7-75CD-42A1-B47B-3FF00CD1CBC5}"
EndProject
Project("{FAE04EC0-301F-11D3-BF4B-00C04F79EFBC}") = "Repository", "Repository\Repository.csproj", "{A97A35A0-D138-4F54-85D5-F9BBB3DAED6E}"
EndProject
Project("{FAE04EC0-301F-11D3-BF4B-00C04F79EFBC}") = "Common", "Common\Common.csproj", "{F08F3406-F37F-448A-91DA-5051ADAB6D88}"
EndProject
Global
	GlobalSection(SolutionConfigurationPlatforms) = preSolution
		Debug|Any CPU = Debug|Any CPU
		Release|Any CPU = Release|Any CPU
	EndGlobalSection
	GlobalSection(ProjectConfigurationPlatforms) = postSolution
		{DB701C30-19CF-45FE-98E7-D919891D80D3}.Debug|Any CPU.ActiveCfg = Debug|Any CPU
		{DB701C30-19CF-45FE-98E7-D919891D80D3}.Debug|Any CPU.Build.0 = Debug|Any CPU
		{DB701C30-19CF-45FE-98E7-D919891D80D3}.Release|Any CPU.ActiveCfg = Release|Any CPU
		{DB701C30-19CF-45FE-98E7-D919891D80D3}.Release|Any CPU.Build.0 = Release|Any CPU
		{8CBDF24C-5B84-47D0-AFAD-C87216B461F8}.Debug|Any CPU.ActiveCfg = Debug|Any CPU
		{8CBDF24C-5B84-47D0-AFAD-C87216B461F8}.Debug|Any CPU.Build.0 = Debug|Any CPU
		{8CBDF24C-5B84-47D0-AFAD-C87216B461F8}.Release|Any CPU.ActiveCfg = Release|Any CPU
		{8CBDF24C-5B84-47D0-AFAD-C87216B461F8}.Release|Any CPU.Build.0 = Release|Any CPU
		{E245D1E2-F67F-4ACF-8671-7B0DD027F892}.Debug|Any CPU.ActiveCfg = Debug|Any CPU
		{E245D1E2-F67F-4ACF-8671-7B0DD027F892}.Debug|Any CPU.Build.0 = Debug|Any CPU
		{E245D1E2-F67F-4ACF-8671-7B0DD027F892}.Release|Any CPU.ActiveCfg = Release|Any CPU
		{E245D1E2-F67F-4ACF-8671-7B0DD027F892}.Release|Any CPU.Build.0 = Release|Any CPU
		{F71004E7-75CD-42A1-B47B-3FF00CD1CBC5}.Debug|Any CPU.ActiveCfg = Debug|Any CPU
		{F71004E7-75CD-42A1-B47B-3FF00CD1CBC5}.Debug|Any CPU.Build.0 = Debug|Any CPU
		{F71004E7-75CD-42A1-B47B-3FF00CD1CBC5}.Release|Any CPU.ActiveCfg = Release|Any CPU
		{F71004E7-75CD-42A1-B47B-3FF00CD1CBC5}.Release|Any CPU.Build.0 = Release|Any CPU
		{A97A35A0-D138-4F54-85D5-F9BBB3DAED6E}.Debug|Any CPU.ActiveCfg = Debug|Any CPU
		{A97A35A0-D138-4F54-85D5-F9BBB3DAED6E}.Debug|Any CPU.Build.0 = Debug|Any CPU
		{A97A35A0-D138-4F54-85D5-F9BBB3DAED6E}.Release|Any CPU.ActiveCfg = Release|Any CPU
		{A97A35A0-D138-4F54-85D5-F9BBB3DAED6E}.Release|Any CPU.Build.0 = Release|Any CPU
		{F08F3406-F37F-448A-91DA-5051ADAB6D88}.Debug|Any CPU.ActiveCfg = Debug|Any CPU
		{F08F3406-F37F-448A-91DA-5051ADAB6D88}.Debug|Any CPU.Build.0 = Debug|Any CPU
		{F08F3406-F37F-448A-91DA-5051ADAB6D88}.Release|Any CPU.ActiveCfg = Release|Any CPU
		{F08F3406-F37F-448A-91DA-5051ADAB6D88}.Release|Any CPU.Build.0 = Release|Any CPU
	EndGlobalSection
	GlobalSection(SolutionProperties) = preSolution
		HideSolutionNode = FALSE
	EndGlobalSection
	GlobalSection(NestedProjects) = preSolution
		{DB701C30-19CF-45FE-98E7-D919891D80D3} = {5D647790-E48D-49DD-9371-F4A0188DEA07}
		{5D647790-E48D-49DD-9371-F4A0188DEA07} = {E20E8901-ACF0-4069-B474-CD6967F6DF8C}
		{8CBDF24C-5B84-47D0-AFAD-C87216B461F8} = {E20E8901-ACF0-4069-B474-CD6967F6DF8C}
		{E245D1E2-F67F-4ACF-8671-7B0DD027F892} = {E20E8901-ACF0-4069-B474-CD6967F6DF8C}
		{F71004E7-75CD-42A1-B47B-3FF00CD1CBC5} = {A431FB42-9DEA-49D6-BD3F-5C5EA7036C61}
		{A97A35A0-D138-4F54-85D5-F9BBB3DAED6E} = {E20E8901-ACF0-4069-B474-CD6967F6DF8C}
		{F08F3406-F37F-448A-91DA-5051ADAB6D88} = {A431FB42-9DEA-49D6-BD3F-5C5EA7036C61}
	EndGlobalSection
EndGlobal
